
Microsoft Visual Studio Solution File, Format Version 12.00
# Visual Studio Version 17
VisualStudioVersion = 17.7.34024.191
MinimumVisualStudioVersion = 10.0.40219.1
Project("{FAE04EC0-301F-11D3-BF4B-00C04F79EFBC}") = "C-Sharp-LINQ-HTTPClient", "C-Sharp-LINQ-HTTPClient\C-Sharp-LINQ-HTTPClient.csproj", "{7DAA00F3-2DB2-4F17-ABEB-D6A0B5169F08}"
EndProject
Global
	GlobalSection(SolutionConfigurationPlatforms) = preSolution
		Debug|Any CPU = Debug|Any CPU
		Release|Any CPU = Release|Any CPU
	EndGlobalSection
	GlobalSection(ProjectConfigurationPlatforms) = postSolution
		{7DAA00F3-2DB2-4F17-ABEB-D6A0B5169F08}.Debug|Any CPU.ActiveCfg = Debug|Any CPU
		{7DAA00F3-2DB2-4F17-ABEB-D6A0B5169F08}.Debug|Any CPU.Build.0 = Debug|Any CPU
		{7DAA00F3-2DB2-4F17-ABEB-D6A0B5169F08}.Release|Any CPU.ActiveCfg = Release|Any CPU
		{7DAA00F3-2DB2-4F17-ABEB-D6A0B5169F08}.Release|Any CPU.Build.0 = Release|Any CPU
	EndGlobalSection
	GlobalSection(SolutionProperties) = preSolution
		HideSolutionNode = FALSE
	EndGlobalSection
	GlobalSection(ExtensibilityGlobals) = postSolution
		SolutionGuid = {50BA321E-0F94-46AC-935B-7F4CB70DA510}
	EndGlobalSection
EndGlobal
